<?xml version="1.0" encoding="UTF-8"?>
<!DOCTYPE plist PUBLIC "-//Apple//DTD PLIST 1.0//EN" "http://www.apple.com/DTDs/PropertyList-1.0.dtd">
<plist version="1.0">
<dict>
	<key>archiveVersion</key>
	<string>1</string>
	<key>classes</key>
	<dict/>
	<key>objectVersion</key>
	<string>46</string>
	<key>objects</key>
	<dict>
		<key>8D2157D0FB8248858A961315</key>
		<dict>
			<key>buildActionMask</key>
			<string>2147483647</string>
			<key>files</key>
			<array/>
			<key>inputPaths</key>
			<array/>
			<key>isa</key>
			<string>PBXShellScriptBuildPhase</string>
			<key>name</key>
			<string>Check Pods Manifest.lock</string>
			<key>outputPaths</key>
			<array/>
			<key>runOnlyForDeploymentPostprocessing</key>
			<string>0</string>
			<key>shellPath</key>
			<string>/bin/sh</string>
			<key>shellScript</key>
			<string>diff "${PODS_ROOT}/../Podfile.lock" "${PODS_ROOT}/Manifest.lock" &gt; /dev/null
if [[ $? != 0 ]] ; then
    cat &lt;&lt; EOM
error: The sandbox is not in sync with the Podfile.lock. Run 'pod install' or update your CocoaPods installation.
EOM
    exit 1
fi
</string>
			<key>showEnvVarsInLog</key>
			<string>1</string>
		</dict>
		<key>94751580BF2D464FBE1AFCFF</key>
		<dict>
			<key>includeInIndex</key>
			<string>1</string>
			<key>isa</key>
			<string>PBXFileReference</string>
			<key>lastKnownFileType</key>
			<string>text.xcconfig</string>
			<key>name</key>
			<string>Pods.xcconfig</string>
			<key>path</key>
			<string>Pods/Pods.xcconfig</string>
			<key>sourceTree</key>
			<string>SOURCE_ROOT</string>
		</dict>
		<key>9CBA7CE5A4F04010B9556194</key>
		<dict>
			<key>explicitFileType</key>
			<string>archive.ar</string>
			<key>includeInIndex</key>
			<string>0</string>
			<key>isa</key>
			<string>PBXFileReference</string>
			<key>name</key>
			<string>libPods.a</string>
			<key>path</key>
			<string>libPods.a</string>
			<key>sourceTree</key>
			<string>BUILT_PRODUCTS_DIR</string>
		</dict>
		<key>9CDF471CE5A24903BB3363BE</key>
		<dict>
			<key>fileRef</key>
			<string>9CBA7CE5A4F04010B9556194</string>
			<key>isa</key>
			<string>PBXBuildFile</string>
			<key>settings</key>
			<dict/>
		</dict>
		<key>CA83CE4D9E0E4538AF284B44</key>
		<dict>
			<key>buildActionMask</key>
			<string>2147483647</string>
			<key>files</key>
			<array/>
			<key>inputPaths</key>
			<array/>
			<key>isa</key>
			<string>PBXShellScriptBuildPhase</string>
			<key>name</key>
			<string>Copy Pods Resources</string>
			<key>outputPaths</key>
			<array/>
			<key>runOnlyForDeploymentPostprocessing</key>
			<string>0</string>
			<key>shellPath</key>
			<string>/bin/sh</string>
			<key>shellScript</key>
			<string>"${SRCROOT}/Pods/Pods-resources.sh"
</string>
			<key>showEnvVarsInLog</key>
			<string>1</string>
		</dict>
		<key>E74EA2C11713681F00283EE1</key>
		<dict>
			<key>children</key>
			<array>
				<string>E7EE3FB21741942F0098EED9</string>
				<string>E74EA2D51713681F00283EE1</string>
				<string>E74EA2CC1713681F00283EE1</string>
				<string>E74EA2CB1713681F00283EE1</string>
				<string>94751580BF2D464FBE1AFCFF</string>
			</array>
			<key>indentWidth</key>
			<string>2</string>
			<key>isa</key>
			<string>PBXGroup</string>
			<key>sourceTree</key>
			<string>&lt;group&gt;</string>
			<key>tabWidth</key>
			<string>2</string>
		</dict>
		<key>E74EA2C21713681F00283EE1</key>
		<dict>
			<key>attributes</key>
			<dict>
				<key>LastUpgradeCheck</key>
				<string>0460</string>
				<key>ORGANIZATIONNAME</key>
				<string>GroceryPORT.com, Inc.</string>
			</dict>
			<key>buildConfigurationList</key>
			<string>E74EA2C51713681F00283EE1</string>
			<key>compatibilityVersion</key>
			<string>Xcode 3.2</string>
			<key>developmentRegion</key>
			<string>English</string>
			<key>hasScannedForEncodings</key>
			<string>0</string>
			<key>isa</key>
			<string>PBXProject</string>
			<key>knownRegions</key>
			<array>
				<string>en</string>
			</array>
			<key>mainGroup</key>
			<string>E74EA2C11713681F00283EE1</string>
			<key>productRefGroup</key>
			<string>E74EA2CB1713681F00283EE1</string>
			<key>projectDirPath</key>
			<string></string>
			<key>projectReferences</key>
			<array/>
			<key>projectRoot</key>
			<string></string>
			<key>targets</key>
			<array>
				<string>E74EA2C91713681F00283EE1</string>
			</array>
		</dict>
		<key>E74EA2C51713681F00283EE1</key>
		<dict>
			<key>buildConfigurations</key>
			<array>
				<string>E74EA2FC1713681F00283EE1</string>
				<string>E74EA2FD1713681F00283EE1</string>
			</array>
			<key>defaultConfigurationIsVisible</key>
			<string>0</string>
			<key>defaultConfigurationName</key>
			<string>Release</string>
			<key>isa</key>
			<string>XCConfigurationList</string>
		</dict>
		<key>E74EA2C61713681F00283EE1</key>
		<dict>
			<key>buildActionMask</key>
			<string>2147483647</string>
			<key>files</key>
			<array>
				<string>E74EA2DC1713681F00283EE1</string>
				<string>E74EA2E01713681F00283EE1</string>
				<string>E74EA2E91713681F00283EE1</string>
				<string>E74EA2EC1713681F00283EE1</string>
				<string>E74EA2EF1713681F00283EE1</string>
			</array>
			<key>isa</key>
			<string>PBXSourcesBuildPhase</string>
			<key>runOnlyForDeploymentPostprocessing</key>
			<string>0</string>
		</dict>
		<key>E74EA2C71713681F00283EE1</key>
		<dict>
			<key>buildActionMask</key>
			<string>2147483647</string>
			<key>files</key>
			<array>
				<string>E74EA2CE1713681F00283EE1</string>
				<string>E74EA2D01713681F00283EE1</string>
				<string>E74EA2D21713681F00283EE1</string>
				<string>E74EA2D41713681F00283EE1</string>
				<string>9CDF471CE5A24903BB3363BE</string>
			</array>
			<key>isa</key>
			<string>PBXFrameworksBuildPhase</string>
			<key>runOnlyForDeploymentPostprocessing</key>
			<string>0</string>
		</dict>
		<key>E74EA2C81713681F00283EE1</key>
		<dict>
			<key>buildActionMask</key>
			<string>2147483647</string>
			<key>files</key>
			<array>
				<string>E74EA2DA1713681F00283EE1</string>
				<string>E74EA2E21713681F00283EE1</string>
				<string>E74EA2E41713681F00283EE1</string>
				<string>E74EA2E61713681F00283EE1</string>
				<string>E74EA2F21713681F00283EE1</string>
				<string>E74EA2F81713681F00283EE1</string>
				<string>E7EE3FB31741942F0098EED9</string>
			</array>
			<key>isa</key>
			<string>PBXResourcesBuildPhase</string>
			<key>runOnlyForDeploymentPostprocessing</key>
			<string>0</string>
		</dict>
		<key>E74EA2C91713681F00283EE1</key>
		<dict>
			<key>buildConfigurationList</key>
			<string>E74EA2FE1713681F00283EE1</string>
			<key>buildPhases</key>
			<array>
				<string>8D2157D0FB8248858A961315</string>
				<string>E74EA2C61713681F00283EE1</string>
				<string>E74EA2C71713681F00283EE1</string>
				<string>E74EA2C81713681F00283EE1</string>
				<string>CA83CE4D9E0E4538AF284B44</string>
			</array>
			<key>buildRules</key>
			<array/>
			<key>dependencies</key>
			<array/>
			<key>isa</key>
			<string>PBXNativeTarget</string>
			<key>name</key>
			<string>iGoGroceries</string>
			<key>productName</key>
			<string>GroceriesToGo</string>
			<key>productReference</key>
			<string>E74EA2CA1713681F00283EE1</string>
			<key>productType</key>
			<string>com.apple.product-type.application</string>
		</dict>
		<key>E74EA2CA1713681F00283EE1</key>
		<dict>
			<key>explicitFileType</key>
			<string>wrapper.application</string>
			<key>includeInIndex</key>
			<string>0</string>
			<key>isa</key>
			<string>PBXFileReference</string>
			<key>path</key>
			<string>iGoGroceries.app</string>
			<key>sourceTree</key>
			<string>BUILT_PRODUCTS_DIR</string>
		</dict>
		<key>E74EA2CB1713681F00283EE1</key>
		<dict>
			<key>children</key>
			<array>
				<string>E74EA2CA1713681F00283EE1</string>
			</array>
			<key>isa</key>
			<string>PBXGroup</string>
			<key>name</key>
			<string>Products</string>
			<key>sourceTree</key>
			<string>&lt;group&gt;</string>
		</dict>
		<key>E74EA2CC1713681F00283EE1</key>
		<dict>
			<key>children</key>
			<array>
				<string>E74EA2CD1713681F00283EE1</string>
				<string>E74EA2CF1713681F00283EE1</string>
				<string>E74EA2D11713681F00283EE1</string>
				<string>E74EA2D31713681F00283EE1</string>
				<string>9CBA7CE5A4F04010B9556194</string>
			</array>
			<key>isa</key>
			<string>PBXGroup</string>
			<key>name</key>
			<string>Frameworks</string>
			<key>sourceTree</key>
			<string>&lt;group&gt;</string>
		</dict>
		<key>E74EA2CD1713681F00283EE1</key>
		<dict>
			<key>isa</key>
			<string>PBXFileReference</string>
			<key>lastKnownFileType</key>
			<string>wrapper.framework</string>
			<key>name</key>
			<string>UIKit.framework</string>
			<key>path</key>
			<string>System/Library/Frameworks/UIKit.framework</string>
			<key>sourceTree</key>
			<string>SDKROOT</string>
		</dict>
		<key>E74EA2CE1713681F00283EE1</key>
		<dict>
			<key>fileRef</key>
			<string>E74EA2CD1713681F00283EE1</string>
			<key>isa</key>
			<string>PBXBuildFile</string>
		</dict>
		<key>E74EA2CF1713681F00283EE1</key>
		<dict>
			<key>isa</key>
			<string>PBXFileReference</string>
			<key>lastKnownFileType</key>
			<string>wrapper.framework</string>
			<key>name</key>
			<string>Foundation.framework</string>
			<key>path</key>
			<string>System/Library/Frameworks/Foundation.framework</string>
			<key>sourceTree</key>
			<string>SDKROOT</string>
		</dict>
		<key>E74EA2D01713681F00283EE1</key>
		<dict>
			<key>fileRef</key>
			<string>E74EA2CF1713681F00283EE1</string>
			<key>isa</key>
			<string>PBXBuildFile</string>
		</dict>
		<key>E74EA2D11713681F00283EE1</key>
		<dict>
			<key>isa</key>
			<string>PBXFileReference</string>
			<key>lastKnownFileType</key>
			<string>wrapper.framework</string>
			<key>name</key>
			<string>CoreGraphics.framework</string>
			<key>path</key>
			<string>System/Library/Frameworks/CoreGraphics.framework</string>
			<key>sourceTree</key>
			<string>SDKROOT</string>
		</dict>
		<key>E74EA2D21713681F00283EE1</key>
		<dict>
			<key>fileRef</key>
			<string>E74EA2D11713681F00283EE1</string>
			<key>isa</key>
			<string>PBXBuildFile</string>
		</dict>
		<key>E74EA2D31713681F00283EE1</key>
		<dict>
			<key>isa</key>
			<string>PBXFileReference</string>
			<key>lastKnownFileType</key>
			<string>wrapper.framework</string>
			<key>name</key>
			<string>CoreData.framework</string>
			<key>path</key>
			<string>System/Library/Frameworks/CoreData.framework</string>
			<key>sourceTree</key>
			<string>SDKROOT</string>
		</dict>
		<key>E74EA2D41713681F00283EE1</key>
		<dict>
			<key>fileRef</key>
			<string>E74EA2D31713681F00283EE1</string>
			<key>isa</key>
			<string>PBXBuildFile</string>
		</dict>
		<key>E74EA2D51713681F00283EE1</key>
		<dict>
			<key>children</key>
			<array>
				<string>E7EE3FB1174192F60098EED9</string>
				<string>E7EE3FB0174192EE0098EED9</string>
				<string>E74EA2DE1713681F00283EE1</string>
				<string>E74EA2DF1713681F00283EE1</string>
				<string>E74EA2D61713681F00283EE1</string>
			</array>
			<key>isa</key>
			<string>PBXGroup</string>
			<key>path</key>
			<string>GroceriesToGo</string>
			<key>sourceTree</key>
			<string>&lt;group&gt;</string>
		</dict>
		<key>E74EA2D61713681F00283EE1</key>
		<dict>
			<key>children</key>
			<array>
				<string>E74EA2D71713681F00283EE1</string>
				<string>E74EA2D81713681F00283EE1</string>
				<string>E74EA2DB1713681F00283EE1</string>
				<string>E74EA2DD1713681F00283EE1</string>
				<string>E74EA2E11713681F00283EE1</string>
				<string>E74EA2E31713681F00283EE1</string>
				<string>E74EA2E51713681F00283EE1</string>
			</array>
			<key>isa</key>
			<string>PBXGroup</string>
			<key>name</key>
			<string>Supporting Files</string>
			<key>sourceTree</key>
			<string>&lt;group&gt;</string>
		</dict>
		<key>E74EA2D71713681F00283EE1</key>
		<dict>
			<key>isa</key>
			<string>PBXFileReference</string>
			<key>lastKnownFileType</key>
			<string>text.plist.xml</string>
			<key>path</key>
			<string>iGoGroceries-Info.plist</string>
			<key>sourceTree</key>
			<string>&lt;group&gt;</string>
		</dict>
		<key>E74EA2D81713681F00283EE1</key>
		<dict>
			<key>children</key>
			<array>
				<string>E74EA2D91713681F00283EE1</string>
			</array>
			<key>isa</key>
			<string>PBXVariantGroup</string>
			<key>name</key>
			<string>InfoPlist.strings</string>
			<key>sourceTree</key>
			<string>&lt;group&gt;</string>
		</dict>
		<key>E74EA2D91713681F00283EE1</key>
		<dict>
			<key>isa</key>
			<string>PBXFileReference</string>
			<key>lastKnownFileType</key>
			<string>text.plist.strings</string>
			<key>name</key>
			<string>en</string>
			<key>path</key>
			<string>en.lproj/InfoPlist.strings</string>
			<key>sourceTree</key>
			<string>&lt;group&gt;</string>
		</dict>
		<key>E74EA2DA1713681F00283EE1</key>
		<dict>
			<key>fileRef</key>
			<string>E74EA2D81713681F00283EE1</string>
			<key>isa</key>
			<string>PBXBuildFile</string>
		</dict>
		<key>E74EA2DB1713681F00283EE1</key>
		<dict>
			<key>isa</key>
			<string>PBXFileReference</string>
			<key>lastKnownFileType</key>
			<string>sourcecode.c.objc</string>
			<key>path</key>
			<string>main.m</string>
			<key>sourceTree</key>
			<string>&lt;group&gt;</string>
		</dict>
		<key>E74EA2DC1713681F00283EE1</key>
		<dict>
			<key>fileRef</key>
			<string>E74EA2DB1713681F00283EE1</string>
			<key>isa</key>
			<string>PBXBuildFile</string>
		</dict>
		<key>E74EA2DD1713681F00283EE1</key>
		<dict>
			<key>isa</key>
			<string>PBXFileReference</string>
			<key>lastKnownFileType</key>
			<string>sourcecode.c.h</string>
			<key>path</key>
			<string>iGoGroceries-Prefix.pch</string>
			<key>sourceTree</key>
			<string>&lt;group&gt;</string>
		</dict>
		<key>E74EA2DE1713681F00283EE1</key>
		<dict>
			<key>isa</key>
			<string>PBXFileReference</string>
			<key>lastKnownFileType</key>
			<string>sourcecode.c.h</string>
			<key>path</key>
			<string>AppDelegate.h</string>
			<key>sourceTree</key>
			<string>&lt;group&gt;</string>
		</dict>
		<key>E74EA2DF1713681F00283EE1</key>
		<dict>
			<key>isa</key>
			<string>PBXFileReference</string>
			<key>lastKnownFileType</key>
			<string>sourcecode.c.objc</string>
			<key>path</key>
			<string>AppDelegate.m</string>
			<key>sourceTree</key>
			<string>&lt;group&gt;</string>
		</dict>
		<key>E74EA2E01713681F00283EE1</key>
		<dict>
			<key>fileRef</key>
			<string>E74EA2DF1713681F00283EE1</string>
			<key>isa</key>
			<string>PBXBuildFile</string>
		</dict>
		<key>E74EA2E11713681F00283EE1</key>
		<dict>
			<key>isa</key>
			<string>PBXFileReference</string>
			<key>lastKnownFileType</key>
			<string>image.png</string>
			<key>path</key>
			<string>Default.png</string>
			<key>sourceTree</key>
			<string>&lt;group&gt;</string>
		</dict>
		<key>E74EA2E21713681F00283EE1</key>
		<dict>
			<key>fileRef</key>
			<string>E74EA2E11713681F00283EE1</string>
			<key>isa</key>
			<string>PBXBuildFile</string>
		</dict>
		<key>E74EA2E31713681F00283EE1</key>
		<dict>
			<key>isa</key>
			<string>PBXFileReference</string>
			<key>lastKnownFileType</key>
			<string>image.png</string>
			<key>path</key>
			<string>Default@2x.png</string>
			<key>sourceTree</key>
			<string>&lt;group&gt;</string>
		</dict>
		<key>E74EA2E41713681F00283EE1</key>
		<dict>
			<key>fileRef</key>
			<string>E74EA2E31713681F00283EE1</string>
			<key>isa</key>
			<string>PBXBuildFile</string>
		</dict>
		<key>E74EA2E51713681F00283EE1</key>
		<dict>
			<key>isa</key>
			<string>PBXFileReference</string>
			<key>lastKnownFileType</key>
			<string>image.png</string>
			<key>path</key>
			<string>Default-568h@2x.png</string>
			<key>sourceTree</key>
			<string>&lt;group&gt;</string>
		</dict>
		<key>E74EA2E61713681F00283EE1</key>
		<dict>
			<key>fileRef</key>
			<string>E74EA2E51713681F00283EE1</string>
			<key>isa</key>
			<string>PBXBuildFile</string>
		</dict>
		<key>E74EA2E71713681F00283EE1</key>
		<dict>
			<key>children</key>
			<array>
				<string>E74EA2E81713681F00283EE1</string>
			</array>
			<key>currentVersion</key>
			<string>E74EA2E81713681F00283EE1</string>
			<key>isa</key>
			<string>XCVersionGroup</string>
			<key>path</key>
			<string>GroceriesToGo.xcdatamodeld</string>
			<key>sourceTree</key>
			<string>&lt;group&gt;</string>
			<key>versionGroupType</key>
			<string>wrapper.xcdatamodel</string>
		</dict>
		<key>E74EA2E81713681F00283EE1</key>
		<dict>
			<key>isa</key>
			<string>PBXFileReference</string>
			<key>lastKnownFileType</key>
			<string>wrapper.xcdatamodel</string>
			<key>path</key>
			<string>GroceriesToGo.xcdatamodel</string>
			<key>sourceTree</key>
			<string>&lt;group&gt;</string>
		</dict>
		<key>E74EA2E91713681F00283EE1</key>
		<dict>
			<key>fileRef</key>
			<string>E74EA2E71713681F00283EE1</string>
			<key>isa</key>
			<string>PBXBuildFile</string>
		</dict>
		<key>E74EA2EA1713681F00283EE1</key>
		<dict>
			<key>isa</key>
			<string>PBXFileReference</string>
			<key>lastKnownFileType</key>
			<string>sourcecode.c.h</string>
			<key>path</key>
			<string>MasterViewController.h</string>
			<key>sourceTree</key>
			<string>&lt;group&gt;</string>
		</dict>
		<key>E74EA2EB1713681F00283EE1</key>
		<dict>
			<key>isa</key>
			<string>PBXFileReference</string>
			<key>lastKnownFileType</key>
			<string>sourcecode.c.objc</string>
			<key>path</key>
			<string>MasterViewController.m</string>
			<key>sourceTree</key>
			<string>&lt;group&gt;</string>
		</dict>
		<key>E74EA2EC1713681F00283EE1</key>
		<dict>
			<key>fileRef</key>
			<string>E74EA2EB1713681F00283EE1</string>
			<key>isa</key>
			<string>PBXBuildFile</string>
		</dict>
		<key>E74EA2ED1713681F00283EE1</key>
		<dict>
			<key>isa</key>
			<string>PBXFileReference</string>
			<key>lastKnownFileType</key>
			<string>sourcecode.c.h</string>
			<key>path</key>
			<string>DetailViewController.h</string>
			<key>sourceTree</key>
			<string>&lt;group&gt;</string>
		</dict>
		<key>E74EA2EE1713681F00283EE1</key>
		<dict>
			<key>isa</key>
			<string>PBXFileReference</string>
			<key>lastKnownFileType</key>
			<string>sourcecode.c.objc</string>
			<key>path</key>
			<string>DetailViewController.m</string>
			<key>sourceTree</key>
			<string>&lt;group&gt;</string>
		</dict>
		<key>E74EA2EF1713681F00283EE1</key>
		<dict>
			<key>fileRef</key>
			<string>E74EA2EE1713681F00283EE1</string>
			<key>isa</key>
			<string>PBXBuildFile</string>
		</dict>
		<key>E74EA2F01713681F00283EE1</key>
		<dict>
			<key>children</key>
			<array>
				<string>E74EA2F11713681F00283EE1</string>
			</array>
			<key>isa</key>
			<string>PBXVariantGroup</string>
			<key>name</key>
			<string>MasterViewController_iPhone.xib</string>
			<key>sourceTree</key>
			<string>&lt;group&gt;</string>
		</dict>
		<key>E74EA2F11713681F00283EE1</key>
		<dict>
			<key>isa</key>
			<string>PBXFileReference</string>
			<key>lastKnownFileType</key>
			<string>file.xib</string>
			<key>name</key>
			<string>en</string>
			<key>path</key>
			<string>en.lproj/MasterViewController_iPhone.xib</string>
			<key>sourceTree</key>
			<string>&lt;group&gt;</string>
		</dict>
		<key>E74EA2F21713681F00283EE1</key>
		<dict>
			<key>fileRef</key>
			<string>E74EA2F01713681F00283EE1</string>
			<key>isa</key>
			<string>PBXBuildFile</string>
		</dict>
		<key>E74EA2F61713681F00283EE1</key>
		<dict>
			<key>children</key>
			<array>
				<string>E74EA2F71713681F00283EE1</string>
			</array>
			<key>isa</key>
			<string>PBXVariantGroup</string>
			<key>name</key>
			<string>DetailViewController_iPhone.xib</string>
			<key>sourceTree</key>
			<string>&lt;group&gt;</string>
		</dict>
		<key>E74EA2F71713681F00283EE1</key>
		<dict>
			<key>isa</key>
			<string>PBXFileReference</string>
			<key>lastKnownFileType</key>
			<string>file.xib</string>
			<key>name</key>
			<string>en</string>
			<key>path</key>
			<string>en.lproj/DetailViewController_iPhone.xib</string>
			<key>sourceTree</key>
			<string>&lt;group&gt;</string>
		</dict>
		<key>E74EA2F81713681F00283EE1</key>
		<dict>
			<key>fileRef</key>
			<string>E74EA2F61713681F00283EE1</string>
			<key>isa</key>
			<string>PBXBuildFile</string>
		</dict>
		<key>E74EA2FC1713681F00283EE1</key>
		<dict>
			<key>buildSettings</key>
			<dict>
				<key>ALWAYS_SEARCH_USER_PATHS</key>
				<string>NO</string>
				<key>CLANG_CXX_LANGUAGE_STANDARD</key>
				<string>gnu++0x</string>
				<key>CLANG_CXX_LIBRARY</key>
				<string>libc++</string>
				<key>CLANG_ENABLE_OBJC_ARC</key>
				<string>YES</string>
				<key>CLANG_WARN_CONSTANT_CONVERSION</key>
				<string>YES</string>
				<key>CLANG_WARN_EMPTY_BODY</key>
				<string>YES</string>
				<key>CLANG_WARN_ENUM_CONVERSION</key>
				<string>YES</string>
				<key>CLANG_WARN_INT_CONVERSION</key>
				<string>YES</string>
				<key>CLANG_WARN__DUPLICATE_METHOD_MATCH</key>
				<string>YES</string>
				<key>CODE_SIGN_IDENTITY[sdk=iphoneos*]</key>
				<string>iPhone Developer</string>
				<key>COPY_PHASE_STRIP</key>
				<string>NO</string>
				<key>GCC_C_LANGUAGE_STANDARD</key>
				<string>gnu99</string>
				<key>GCC_DYNAMIC_NO_PIC</key>
				<string>NO</string>
				<key>GCC_OPTIMIZATION_LEVEL</key>
				<string>0</string>
				<key>GCC_PREPROCESSOR_DEFINITIONS</key>
				<array>
					<string>DEBUG=1</string>
					<string>$(inherited)</string>
				</array>
				<key>GCC_SYMBOLS_PRIVATE_EXTERN</key>
				<string>NO</string>
				<key>GCC_WARN_ABOUT_RETURN_TYPE</key>
				<string>YES</string>
				<key>GCC_WARN_UNINITIALIZED_AUTOS</key>
				<string>YES</string>
				<key>GCC_WARN_UNUSED_VARIABLE</key>
				<string>YES</string>
				<key>IPHONEOS_DEPLOYMENT_TARGET</key>
				<string>6.1</string>
				<key>ONLY_ACTIVE_ARCH</key>
				<string>YES</string>
				<key>SDKROOT</key>
				<string>iphoneos</string>
				<key>TARGETED_DEVICE_FAMILY</key>
				<string>1,2</string>
			</dict>
			<key>isa</key>
			<string>XCBuildConfiguration</string>
			<key>name</key>
			<string>Debug</string>
		</dict>
		<key>E74EA2FD1713681F00283EE1</key>
		<dict>
			<key>buildSettings</key>
			<dict>
				<key>ALWAYS_SEARCH_USER_PATHS</key>
				<string>NO</string>
				<key>CLANG_CXX_LANGUAGE_STANDARD</key>
				<string>gnu++0x</string>
				<key>CLANG_CXX_LIBRARY</key>
				<string>libc++</string>
				<key>CLANG_ENABLE_OBJC_ARC</key>
				<string>YES</string>
				<key>CLANG_WARN_CONSTANT_CONVERSION</key>
				<string>YES</string>
				<key>CLANG_WARN_EMPTY_BODY</key>
				<string>YES</string>
				<key>CLANG_WARN_ENUM_CONVERSION</key>
				<string>YES</string>
				<key>CLANG_WARN_INT_CONVERSION</key>
				<string>YES</string>
				<key>CLANG_WARN__DUPLICATE_METHOD_MATCH</key>
				<string>YES</string>
				<key>CODE_SIGN_IDENTITY[sdk=iphoneos*]</key>
				<string>iPhone Developer</string>
				<key>COPY_PHASE_STRIP</key>
				<string>YES</string>
				<key>GCC_C_LANGUAGE_STANDARD</key>
				<string>gnu99</string>
				<key>GCC_WARN_ABOUT_RETURN_TYPE</key>
				<string>YES</string>
				<key>GCC_WARN_UNINITIALIZED_AUTOS</key>
				<string>YES</string>
				<key>GCC_WARN_UNUSED_VARIABLE</key>
				<string>YES</string>
				<key>IPHONEOS_DEPLOYMENT_TARGET</key>
				<string>6.1</string>
				<key>OTHER_CFLAGS</key>
				<string>-DNS_BLOCK_ASSERTIONS=1</string>
				<key>SDKROOT</key>
				<string>iphoneos</string>
				<key>TARGETED_DEVICE_FAMILY</key>
				<string>1,2</string>
				<key>VALIDATE_PRODUCT</key>
				<string>YES</string>
			</dict>
			<key>isa</key>
			<string>XCBuildConfiguration</string>
			<key>name</key>
			<string>Release</string>
		</dict>
		<key>E74EA2FE1713681F00283EE1</key>
		<dict>
			<key>buildConfigurations</key>
			<array>
				<string>E74EA2FF1713681F00283EE1</string>
				<string>E74EA3001713681F00283EE1</string>
			</array>
			<key>defaultConfigurationIsVisible</key>
			<string>0</string>
			<key>defaultConfigurationName</key>
			<string>Release</string>
			<key>isa</key>
			<string>XCConfigurationList</string>
		</dict>
		<key>E74EA2FF1713681F00283EE1</key>
		<dict>
			<key>baseConfigurationReference</key>
			<string>94751580BF2D464FBE1AFCFF</string>
			<key>buildSettings</key>
			<dict>
				<key>GCC_PRECOMPILE_PREFIX_HEADER</key>
				<string>YES</string>
				<key>GCC_PREFIX_HEADER</key>
				<string>GroceriesToGo/iGoGroceries-Prefix.pch</string>
				<key>INFOPLIST_FILE</key>
				<string>GroceriesToGo/iGoGroceries-Info.plist</string>
				<key>IPHONEOS_DEPLOYMENT_TARGET</key>
				<string>5.0</string>
				<key>PRODUCT_NAME</key>
				<string>iGoGroceries</string>
				<key>TARGETED_DEVICE_FAMILY</key>
				<string>1</string>
				<key>WRAPPER_EXTENSION</key>
				<string>app</string>
			</dict>
			<key>isa</key>
			<string>XCBuildConfiguration</string>
			<key>name</key>
			<string>Debug</string>
		</dict>
		<key>E74EA3001713681F00283EE1</key>
		<dict>
			<key>baseConfigurationReference</key>
			<string>94751580BF2D464FBE1AFCFF</string>
			<key>buildSettings</key>
			<dict>
				<key>GCC_PRECOMPILE_PREFIX_HEADER</key>
				<string>YES</string>
				<key>GCC_PREFIX_HEADER</key>
				<string>GroceriesToGo/iGoGroceries-Prefix.pch</string>
				<key>INFOPLIST_FILE</key>
				<string>GroceriesToGo/iGoGroceries-Info.plist</string>
				<key>IPHONEOS_DEPLOYMENT_TARGET</key>
				<string>5.0</string>
				<key>PRODUCT_NAME</key>
				<string>iGoGroceries</string>
				<key>TARGETED_DEVICE_FAMILY</key>
				<string>1</string>
				<key>WRAPPER_EXTENSION</key>
				<string>app</string>
			</dict>
			<key>isa</key>
			<string>XCBuildConfiguration</string>
			<key>name</key>
			<string>Release</string>
		</dict>
		<key>E7EE3FB0174192EE0098EED9</key>
		<dict>
			<key>children</key>
			<array>
				<string>E74EA2E71713681F00283EE1</string>
			</array>
			<key>isa</key>
			<string>PBXGroup</string>
			<key>name</key>
			<string>Resources</string>
			<key>sourceTree</key>
			<string>&lt;group&gt;</string>
		</dict>
		<key>E7EE3FB1174192F60098EED9</key>
		<dict>
			<key>children</key>
			<array>
				<string>E74EA2EA1713681F00283EE1</string>
				<string>E74EA2EB1713681F00283EE1</string>
				<string>E74EA2ED1713681F00283EE1</string>
				<string>E74EA2EE1713681F00283EE1</string>
				<string>E74EA2F01713681F00283EE1</string>
				<string>E74EA2F61713681F00283EE1</string>
			</array>
			<key>isa</key>
			<string>PBXGroup</string>
			<key>name</key>
			<string>Controllers</string>
			<key>sourceTree</key>
			<string>&lt;group&gt;</string>
		</dict>
		<key>E7EE3FB21741942F0098EED9</key>
		<dict>
			<key>fileEncoding</key>
			<string>4</string>
			<key>isa</key>
			<string>PBXFileReference</string>
			<key>lastKnownFileType</key>
			<string>text</string>
			<key>path</key>
			<string>Podfile</string>
			<key>sourceTree</key>
			<string>&lt;group&gt;</string>
		</dict>
		<key>E7EE3FB31741942F0098EED9</key>
		<dict>
			<key>fileRef</key>
			<string>E7EE3FB21741942F0098EED9</string>
			<key>isa</key>
			<string>PBXBuildFile</string>
		</dict>
	</dict>
	<key>rootObject</key>
	<string>E74EA2C21713681F00283EE1</string>
</dict>
</plist>
